
Microsoft Visual Studio Solution File, Format Version 12.00
# Visual Studio Version 17
VisualStudioVersion = 17.5.33530.505
MinimumVisualStudioVersion = 10.0.40219.1
Project("{FAE04EC0-301F-11D3-BF4B-00C04F79EFBC}") = "BikeJourneyTracker", "BikeJourneyTracker\BikeJourneyTracker.csproj", "{71126D20-A526-4D7E-A9D6-28FA4629C59D}"
EndProject
Global
	GlobalSection(SolutionConfigurationPlatforms) = preSolution
		Debug|Any CPU = Debug|Any CPU
		Release|Any CPU = Release|Any CPU
	EndGlobalSection
	GlobalSection(ProjectConfigurationPlatforms) = postSolution
		{71126D20-A526-4D7E-A9D6-28FA4629C59D}.Debug|Any CPU.ActiveCfg = Debug|Any CPU
		{71126D20-A526-4D7E-A9D6-28FA4629C59D}.Debug|Any CPU.Build.0 = Debug|Any CPU
		{71126D20-A526-4D7E-A9D6-28FA4629C59D}.Release|Any CPU.ActiveCfg = Release|Any CPU
		{71126D20-A526-4D7E-A9D6-28FA4629C59D}.Release|Any CPU.Build.0 = Release|Any CPU
	EndGlobalSection
	GlobalSection(SolutionProperties) = preSolution
		HideSolutionNode = FALSE
	EndGlobalSection
	GlobalSection(ExtensibilityGlobals) = postSolution
		SolutionGuid = {382CF962-47AE-459C-8AE8-4B02350CBFED}
	EndGlobalSection
EndGlobal
